
Microsoft Visual Studio Solution File, Format Version 12.00
# Visual Studio Version 16
VisualStudioVersion = 16.0.32413.511
MinimumVisualStudioVersion = 10.0.40219.1
Project("{FAE04EC0-301F-11D3-BF4B-00C04F79EFBC}") = "UIPrincipal", "UIPrincipal\UIPrincipal.csproj", "{77E33C73-6FE9-4DE4-B71B-C52DA3C277B8}"
EndProject
Project("{FAE04EC0-301F-11D3-BF4B-00C04F79EFBC}") = "Model", "Model\Model.csproj", "{A74F233C-DE03-4048-97B5-146B938C735F}"
EndProject
Project("{FAE04EC0-301F-11D3-BF4B-00C04F79EFBC}") = "BLL", "BLL\BLL.csproj", "{A3A7090E-5947-4ABB-A526-0C29A6183B85}"
EndProject
Project("{FAE04EC0-301F-11D3-BF4B-00C04F79EFBC}") = "DAL", "DAL\DAL.csproj", "{EF6647C7-9EDA-4DE0-9BDF-3CE10BBEA728}"
EndProject
Global
	GlobalSection(SolutionConfigurationPlatforms) = preSolution
		Debug|Any CPU = Debug|Any CPU
		Release|Any CPU = Release|Any CPU
	EndGlobalSection
	GlobalSection(ProjectConfigurationPlatforms) = postSolution
		{77E33C73-6FE9-4DE4-B71B-C52DA3C277B8}.Debug|Any CPU.ActiveCfg = Debug|Any CPU
		{77E33C73-6FE9-4DE4-B71B-C52DA3C277B8}.Debug|Any CPU.Build.0 = Debug|Any CPU
		{77E33C73-6FE9-4DE4-B71B-C52DA3C277B8}.Release|Any CPU.ActiveCfg = Release|Any CPU
		{77E33C73-6FE9-4DE4-B71B-C52DA3C277B8}.Release|Any CPU.Build.0 = Release|Any CPU
		{A74F233C-DE03-4048-97B5-146B938C735F}.Debug|Any CPU.ActiveCfg = Debug|Any CPU
		{A74F233C-DE03-4048-97B5-146B938C735F}.Debug|Any CPU.Build.0 = Debug|Any CPU
		{A74F233C-DE03-4048-97B5-146B938C735F}.Release|Any CPU.ActiveCfg = Release|Any CPU
		{A74F233C-DE03-4048-97B5-146B938C735F}.Release|Any CPU.Build.0 = Release|Any CPU
		{A3A7090E-5947-4ABB-A526-0C29A6183B85}.Debug|Any CPU.ActiveCfg = Debug|Any CPU
		{A3A7090E-5947-4ABB-A526-0C29A6183B85}.Debug|Any CPU.Build.0 = Debug|Any CPU
		{A3A7090E-5947-4ABB-A526-0C29A6183B85}.Release|Any CPU.ActiveCfg = Release|Any CPU
		{A3A7090E-5947-4ABB-A526-0C29A6183B85}.Release|Any CPU.Build.0 = Release|Any CPU
		{EF6647C7-9EDA-4DE0-9BDF-3CE10BBEA728}.Debug|Any CPU.ActiveCfg = Debug|Any CPU
		{EF6647C7-9EDA-4DE0-9BDF-3CE10BBEA728}.Debug|Any CPU.Build.0 = Debug|Any CPU
		{EF6647C7-9EDA-4DE0-9BDF-3CE10BBEA728}.Release|Any CPU.ActiveCfg = Release|Any CPU
		{EF6647C7-9EDA-4DE0-9BDF-3CE10BBEA728}.Release|Any CPU.Build.0 = Release|Any CPU
	EndGlobalSection
	GlobalSection(SolutionProperties) = preSolution
		HideSolutionNode = FALSE
	EndGlobalSection
	GlobalSection(ExtensibilityGlobals) = postSolution
		SolutionGuid = {E88C37CF-8552-44AF-B282-59C4263ABD24}
	EndGlobalSection
EndGlobal
